
Microsoft Visual Studio Solution File, Format Version 12.00
# Visual Studio Version 17
VisualStudioVersion = 17.4.33213.308
MinimumVisualStudioVersion = 10.0.40219.1
Project("{FAE04EC0-301F-11D3-BF4B-00C04F79EFBC}") = "BigBang Assessment 2", "BigBang Assessment 2\BigBang Assessment 2.csproj", "{87596A5A-6C7D-4F9A-9BC9-0B5F97083C66}"
EndProject
Global
	GlobalSection(SolutionConfigurationPlatforms) = preSolution
		Debug|Any CPU = Debug|Any CPU
		Release|Any CPU = Release|Any CPU
	EndGlobalSection
	GlobalSection(ProjectConfigurationPlatforms) = postSolution
		{87596A5A-6C7D-4F9A-9BC9-0B5F97083C66}.Debug|Any CPU.ActiveCfg = Debug|Any CPU
		{87596A5A-6C7D-4F9A-9BC9-0B5F97083C66}.Debug|Any CPU.Build.0 = Debug|Any CPU
		{87596A5A-6C7D-4F9A-9BC9-0B5F97083C66}.Release|Any CPU.ActiveCfg = Release|Any CPU
		{87596A5A-6C7D-4F9A-9BC9-0B5F97083C66}.Release|Any CPU.Build.0 = Release|Any CPU
	EndGlobalSection
	GlobalSection(SolutionProperties) = preSolution
		HideSolutionNode = FALSE
	EndGlobalSection
	GlobalSection(ExtensibilityGlobals) = postSolution
		SolutionGuid = {0C3106CE-A1CC-4CB7-9517-9C4BBDC866B7}
	EndGlobalSection
EndGlobal
